
Microsoft Visual Studio Solution File, Format Version 12.00
# Visual Studio Version 16
VisualStudioVersion = 16.0.29728.190
MinimumVisualStudioVersion = 10.0.40219.1
Project("{FAE04EC0-301F-11D3-BF4B-00C04F79EFBC}") = "trape.cli.collector", "trape.cli\trape.cli.collector", "{4208AFBF-2C4B-4685-BDFD-7D514F137EE0}"
EndProject
Global
	GlobalSection(SolutionConfigurationPlatforms) = preSolution
		Debug|Any CPU = Debug|Any CPU
		Release|Any CPU = Release|Any CPU
	EndGlobalSection
	GlobalSection(ProjectConfigurationPlatforms) = postSolution
		{4208AFBF-2C4B-4685-BDFD-7D514F137EE0}.Debug|Any CPU.ActiveCfg = Debug|Any CPU
		{4208AFBF-2C4B-4685-BDFD-7D514F137EE0}.Debug|Any CPU.Build.0 = Debug|Any CPU
		{4208AFBF-2C4B-4685-BDFD-7D514F137EE0}.Release|Any CPU.ActiveCfg = Release|Any CPU
		{4208AFBF-2C4B-4685-BDFD-7D514F137EE0}.Release|Any CPU.Build.0 = Release|Any CPU
	EndGlobalSection
	GlobalSection(SolutionProperties) = preSolution
		HideSolutionNode = FALSE
	EndGlobalSection
	GlobalSection(ExtensibilityGlobals) = postSolution
		SolutionGuid = {FF238D89-4E2A-47A0-8904-FD4AFECDD2A5}
	EndGlobalSection
EndGlobal
