
Microsoft Visual Studio Solution File, Format Version 12.00
# Visual Studio Version 16
VisualStudioVersion = 16.0.29728.190
MinimumVisualStudioVersion = 10.0.40219.1
Project("{9A19103F-16F7-4668-BE54-9A1E7A4F7556}") = "Trape.Cli.Collector", "Trape.Cli.Collector\Trape.Cli.Collector.csproj", "{4208AFBF-2C4B-4685-BDFD-7D514F137EE0}"
EndProject
Project("{9A19103F-16F7-4668-BE54-9A1E7A4F7556}") = "Trape.Jobs", "Trape.Jobs\Trape.Jobs.csproj", "{54DD0DD5-3E49-41C5-AB85-27074B8BD0D7}"
EndProject
Project("{9A19103F-16F7-4668-BE54-9A1E7A4F7556}") = "Trape.Cli.Trader", "Trape.Cli.Trader\Trape.Cli.Trader.csproj", "{6139DDFD-63C6-4331-BBA7-FF250ECB3879}"
EndProject
Project("{9A19103F-16F7-4668-BE54-9A1E7A4F7556}") = "Trape.Cli.Trader.Tests", "Trape.Cli.Trader.Tests\Trape.Cli.Trader.Tests.csproj", "{A6588BA8-E0AA-44AC-973D-3A2E1A5409B9}"
EndProject
Project("{9A19103F-16F7-4668-BE54-9A1E7A4F7556}") = "Trape.BinanceNet.Logger", "Trape.BinanceNet.Logger\Trape.BinanceNet.Logger.csproj", "{73AD5F5E-5E7B-41DD-A7ED-1023ADE73D28}"
EndProject
Project("{9A19103F-16F7-4668-BE54-9A1E7A4F7556}") = "Trape.Datalayer", "Trape.Datalayer\Trape.Datalayer.csproj", "{0F385BC2-C2EB-4835-A634-2A9C1432CC14}"
EndProject
Project("{9A19103F-16F7-4668-BE54-9A1E7A4F7556}") = "Trape.Mapper", "Trape.Mapper\Trape.Mapper.csproj", "{C6FBE5E6-27B0-4BA9-8690-234F728C7132}"
EndProject
Project("{2150E333-8FDC-42A3-9474-1A3956D46DE8}") = "Solution Items", "Solution Items", "{F66D124A-8E49-4C7E-B7CC-F1CB009B94DE}"
	ProjectSection(SolutionItems) = preProject
		..\..\build\build-trape-collector.bat = ..\..\build\build-trape-collector.bat
		..\..\build\build-trape-collector.sh = ..\..\build\build-trape-collector.sh
		..\..\build\build-trape-trader.bat = ..\..\build\build-trape-trader.bat
		..\..\build\build-trape-trader.sh = ..\..\build\build-trape-trader.sh
		..\..\build\build.sh = ..\..\build\build.sh
	EndProjectSection
EndProject
Project("{2150E333-8FDC-42A3-9474-1A3956D46DE8}") = "package", "package", "{5209AFD2-F1AD-4863-9A04-FA4BB00905BC}"
EndProject
Project("{2150E333-8FDC-42A3-9474-1A3956D46DE8}") = "collector", "collector", "{86E268BD-2339-4E6C-A89A-1D76F42B4609}"
EndProject
Project("{2150E333-8FDC-42A3-9474-1A3956D46DE8}") = "trader", "trader", "{03CE548A-6D6B-415B-8EEA-C043F55FA8AD}"
EndProject
Project("{2150E333-8FDC-42A3-9474-1A3956D46DE8}") = "DEBIAN", "DEBIAN", "{717BDB27-98DC-4AEB-90CF-920F66E712EE}"
	ProjectSection(SolutionItems) = preProject
		..\package\collector\DEBIAN\control = ..\package\collector\DEBIAN\control
		..\package\collector\DEBIAN\copyright = ..\package\collector\DEBIAN\copyright
		..\package\collector\DEBIAN\postinst = ..\package\collector\DEBIAN\postinst
		..\package\collector\DEBIAN\prerm = ..\package\collector\DEBIAN\prerm
	EndProjectSection
EndProject
Project("{2150E333-8FDC-42A3-9474-1A3956D46DE8}") = "DEBIAN", "DEBIAN", "{45B3F0A0-56C7-4084-9DBC-FA74F57D68C9}"
	ProjectSection(SolutionItems) = preProject
		..\package\trader\DEBIAN\control = ..\package\trader\DEBIAN\control
		..\package\trader\DEBIAN\copyright = ..\package\trader\DEBIAN\copyright
		..\package\trader\DEBIAN\postinst = ..\package\trader\DEBIAN\postinst
		..\package\trader\DEBIAN\prerm = ..\package\trader\DEBIAN\prerm
	EndProjectSection
EndProject
Project("{2150E333-8FDC-42A3-9474-1A3956D46DE8}") = "etc", "etc", "{AB568745-7EF4-4960-A726-C50BEA8BA1E4}"
EndProject
Project("{2150E333-8FDC-42A3-9474-1A3956D46DE8}") = "systemd", "systemd", "{41523664-A5FF-40DB-803C-9A13D81ABA6D}"
EndProject
Project("{2150E333-8FDC-42A3-9474-1A3956D46DE8}") = "system", "system", "{FF19F31B-F8E7-4AAD-B609-F2D691418645}"
	ProjectSection(SolutionItems) = preProject
		..\package\collector\etc\systemd\system\trape-collector.service = ..\package\collector\etc\systemd\system\trape-collector.service
	EndProjectSection
EndProject
Project("{2150E333-8FDC-42A3-9474-1A3956D46DE8}") = "etc", "etc", "{768FA747-4732-4CF9-A0C4-C6CE0F960176}"
EndProject
Project("{2150E333-8FDC-42A3-9474-1A3956D46DE8}") = "systemd", "systemd", "{3667A938-A3FC-48AC-AC69-169037C80993}"
EndProject
Project("{2150E333-8FDC-42A3-9474-1A3956D46DE8}") = "system", "system", "{D0F36F49-A58E-4994-AA02-102318E1AA81}"
	ProjectSection(SolutionItems) = preProject
		..\package\trader\etc\systemd\system\trape-trader.service = ..\package\trader\etc\systemd\system\trape-trader.service
	EndProjectSection
EndProject
Global
	GlobalSection(SolutionConfigurationPlatforms) = preSolution
		Debug|Any CPU = Debug|Any CPU
		Release|Any CPU = Release|Any CPU
		Test|Any CPU = Test|Any CPU
	EndGlobalSection
	GlobalSection(ProjectConfigurationPlatforms) = postSolution
		{4208AFBF-2C4B-4685-BDFD-7D514F137EE0}.Debug|Any CPU.ActiveCfg = Debug|Any CPU
		{4208AFBF-2C4B-4685-BDFD-7D514F137EE0}.Debug|Any CPU.Build.0 = Debug|Any CPU
		{4208AFBF-2C4B-4685-BDFD-7D514F137EE0}.Release|Any CPU.ActiveCfg = Release|Any CPU
		{4208AFBF-2C4B-4685-BDFD-7D514F137EE0}.Release|Any CPU.Build.0 = Release|Any CPU
		{4208AFBF-2C4B-4685-BDFD-7D514F137EE0}.Test|Any CPU.ActiveCfg = Test|Any CPU
		{4208AFBF-2C4B-4685-BDFD-7D514F137EE0}.Test|Any CPU.Build.0 = Test|Any CPU
		{54DD0DD5-3E49-41C5-AB85-27074B8BD0D7}.Debug|Any CPU.ActiveCfg = Debug|Any CPU
		{54DD0DD5-3E49-41C5-AB85-27074B8BD0D7}.Debug|Any CPU.Build.0 = Debug|Any CPU
		{54DD0DD5-3E49-41C5-AB85-27074B8BD0D7}.Release|Any CPU.ActiveCfg = Release|Any CPU
		{54DD0DD5-3E49-41C5-AB85-27074B8BD0D7}.Release|Any CPU.Build.0 = Release|Any CPU
		{54DD0DD5-3E49-41C5-AB85-27074B8BD0D7}.Test|Any CPU.ActiveCfg = Test|Any CPU
		{54DD0DD5-3E49-41C5-AB85-27074B8BD0D7}.Test|Any CPU.Build.0 = Test|Any CPU
		{6139DDFD-63C6-4331-BBA7-FF250ECB3879}.Debug|Any CPU.ActiveCfg = Debug|Any CPU
		{6139DDFD-63C6-4331-BBA7-FF250ECB3879}.Debug|Any CPU.Build.0 = Debug|Any CPU
		{6139DDFD-63C6-4331-BBA7-FF250ECB3879}.Release|Any CPU.ActiveCfg = Release|Any CPU
		{6139DDFD-63C6-4331-BBA7-FF250ECB3879}.Release|Any CPU.Build.0 = Release|Any CPU
		{6139DDFD-63C6-4331-BBA7-FF250ECB3879}.Test|Any CPU.ActiveCfg = Test|Any CPU
		{6139DDFD-63C6-4331-BBA7-FF250ECB3879}.Test|Any CPU.Build.0 = Test|Any CPU
		{A6588BA8-E0AA-44AC-973D-3A2E1A5409B9}.Debug|Any CPU.ActiveCfg = Debug|Any CPU
		{A6588BA8-E0AA-44AC-973D-3A2E1A5409B9}.Debug|Any CPU.Build.0 = Debug|Any CPU
		{A6588BA8-E0AA-44AC-973D-3A2E1A5409B9}.Release|Any CPU.ActiveCfg = Release|Any CPU
		{A6588BA8-E0AA-44AC-973D-3A2E1A5409B9}.Release|Any CPU.Build.0 = Release|Any CPU
		{A6588BA8-E0AA-44AC-973D-3A2E1A5409B9}.Test|Any CPU.ActiveCfg = Debug|Any CPU
		{A6588BA8-E0AA-44AC-973D-3A2E1A5409B9}.Test|Any CPU.Build.0 = Debug|Any CPU
		{73AD5F5E-5E7B-41DD-A7ED-1023ADE73D28}.Debug|Any CPU.ActiveCfg = Debug|Any CPU
		{73AD5F5E-5E7B-41DD-A7ED-1023ADE73D28}.Debug|Any CPU.Build.0 = Debug|Any CPU
		{73AD5F5E-5E7B-41DD-A7ED-1023ADE73D28}.Release|Any CPU.ActiveCfg = Release|Any CPU
		{73AD5F5E-5E7B-41DD-A7ED-1023ADE73D28}.Release|Any CPU.Build.0 = Release|Any CPU
		{73AD5F5E-5E7B-41DD-A7ED-1023ADE73D28}.Test|Any CPU.ActiveCfg = Debug|Any CPU
		{73AD5F5E-5E7B-41DD-A7ED-1023ADE73D28}.Test|Any CPU.Build.0 = Debug|Any CPU
		{0F385BC2-C2EB-4835-A634-2A9C1432CC14}.Debug|Any CPU.ActiveCfg = Debug|Any CPU
		{0F385BC2-C2EB-4835-A634-2A9C1432CC14}.Debug|Any CPU.Build.0 = Debug|Any CPU
		{0F385BC2-C2EB-4835-A634-2A9C1432CC14}.Release|Any CPU.ActiveCfg = Release|Any CPU
		{0F385BC2-C2EB-4835-A634-2A9C1432CC14}.Release|Any CPU.Build.0 = Release|Any CPU
		{0F385BC2-C2EB-4835-A634-2A9C1432CC14}.Test|Any CPU.ActiveCfg = Debug|Any CPU
		{0F385BC2-C2EB-4835-A634-2A9C1432CC14}.Test|Any CPU.Build.0 = Debug|Any CPU
		{C6FBE5E6-27B0-4BA9-8690-234F728C7132}.Debug|Any CPU.ActiveCfg = Debug|Any CPU
		{C6FBE5E6-27B0-4BA9-8690-234F728C7132}.Debug|Any CPU.Build.0 = Debug|Any CPU
		{C6FBE5E6-27B0-4BA9-8690-234F728C7132}.Release|Any CPU.ActiveCfg = Release|Any CPU
		{C6FBE5E6-27B0-4BA9-8690-234F728C7132}.Release|Any CPU.Build.0 = Release|Any CPU
		{C6FBE5E6-27B0-4BA9-8690-234F728C7132}.Test|Any CPU.ActiveCfg = Debug|Any CPU
		{C6FBE5E6-27B0-4BA9-8690-234F728C7132}.Test|Any CPU.Build.0 = Debug|Any CPU
	EndGlobalSection
	GlobalSection(SolutionProperties) = preSolution
		HideSolutionNode = FALSE
	EndGlobalSection
	GlobalSection(NestedProjects) = preSolution
		{5209AFD2-F1AD-4863-9A04-FA4BB00905BC} = {F66D124A-8E49-4C7E-B7CC-F1CB009B94DE}
		{86E268BD-2339-4E6C-A89A-1D76F42B4609} = {5209AFD2-F1AD-4863-9A04-FA4BB00905BC}
		{03CE548A-6D6B-415B-8EEA-C043F55FA8AD} = {5209AFD2-F1AD-4863-9A04-FA4BB00905BC}
		{717BDB27-98DC-4AEB-90CF-920F66E712EE} = {86E268BD-2339-4E6C-A89A-1D76F42B4609}
		{45B3F0A0-56C7-4084-9DBC-FA74F57D68C9} = {03CE548A-6D6B-415B-8EEA-C043F55FA8AD}
		{AB568745-7EF4-4960-A726-C50BEA8BA1E4} = {86E268BD-2339-4E6C-A89A-1D76F42B4609}
		{41523664-A5FF-40DB-803C-9A13D81ABA6D} = {AB568745-7EF4-4960-A726-C50BEA8BA1E4}
		{FF19F31B-F8E7-4AAD-B609-F2D691418645} = {41523664-A5FF-40DB-803C-9A13D81ABA6D}
		{768FA747-4732-4CF9-A0C4-C6CE0F960176} = {03CE548A-6D6B-415B-8EEA-C043F55FA8AD}
		{3667A938-A3FC-48AC-AC69-169037C80993} = {768FA747-4732-4CF9-A0C4-C6CE0F960176}
		{D0F36F49-A58E-4994-AA02-102318E1AA81} = {3667A938-A3FC-48AC-AC69-169037C80993}
	EndGlobalSection
	GlobalSection(ExtensibilityGlobals) = postSolution
		SolutionGuid = {FF238D89-4E2A-47A0-8904-FD4AFECDD2A5}
	EndGlobalSection
EndGlobal
